// !$*UTF8*$!
{
	archiveVersion = 1;
	classes = {
	};
	objectVersion = 46;
	objects = {

/* Begin PBXBuildFile section */
		49015D691CD5EC0D00164FED /* NetworkManager.m in Sources */ = {isa = PBXBuildFile; fileRef = 49015D681CD5EC0D00164FED /* NetworkManager.m */; };
		49015D6C1CD608A900164FED /* RegularUser.storyboard in Resources */ = {isa = PBXBuildFile; fileRef = 49015D6A1CD608A900164FED /* RegularUser.storyboard */; };
		49015D701CD6561C00164FED /* ExpenseViewController.m in Sources */ = {isa = PBXBuildFile; fileRef = 49015D6F1CD6561C00164FED /* ExpenseViewController.m */; };
		49015D731CD6563200164FED /* ExpenseLogic.m in Sources */ = {isa = PBXBuildFile; fileRef = 49015D721CD6563200164FED /* ExpenseLogic.m */; };
		49015D771CD657A800164FED /* UIView+Loading.m in Sources */ = {isa = PBXBuildFile; fileRef = 49015D761CD657A800164FED /* UIView+Loading.m */; };
		49015D7A1CD657E700164FED /* AlertManager.m in Sources */ = {isa = PBXBuildFile; fileRef = 49015D791CD657E700164FED /* AlertManager.m */; };
		49015D7D1CD66E2E00164FED /* NavigationBarStyler.m in Sources */ = {isa = PBXBuildFile; fileRef = 49015D7C1CD66E2E00164FED /* NavigationBarStyler.m */; };
		49015D811CD76F8800164FED /* Expense.m in Sources */ = {isa = PBXBuildFile; fileRef = 49015D801CD76F8800164FED /* Expense.m */; };
		49015D841CD7719D00164FED /* TableViewCell.m in Sources */ = {isa = PBXBuildFile; fileRef = 49015D831CD7719D00164FED /* TableViewCell.m */; };
		49015D881CD771D700164FED /* ExpenseTableViewCell.m in Sources */ = {isa = PBXBuildFile; fileRef = 49015D861CD771D700164FED /* ExpenseTableViewCell.m */; };
		49015D891CD771D700164FED /* ExpenseTableViewCell.xib in Resources */ = {isa = PBXBuildFile; fileRef = 49015D871CD771D700164FED /* ExpenseTableViewCell.xib */; };
		49015D8F1CD7753300164FED /* UITableView+Register.m in Sources */ = {isa = PBXBuildFile; fileRef = 49015D8E1CD7753300164FED /* UITableView+Register.m */; };
		49015D921CD77D0700164FED /* UIColor+ExpenseTracker.m in Sources */ = {isa = PBXBuildFile; fileRef = 49015D911CD77D0700164FED /* UIColor+ExpenseTracker.m */; };
		49015D951CD77FDA00164FED /* NSString+ExpenseTracker.m in Sources */ = {isa = PBXBuildFile; fileRef = 49015D941CD77FDA00164FED /* NSString+ExpenseTracker.m */; };
		49015D981CD780AA00164FED /* NSDate+ExpenseTracker.m in Sources */ = {isa = PBXBuildFile; fileRef = 49015D971CD780AA00164FED /* NSDate+ExpenseTracker.m */; };
		49015D9B1CD7C4EB00164FED /* NSNumber+ExpenseTracker.m in Sources */ = {isa = PBXBuildFile; fileRef = 49015D9A1CD7C4EB00164FED /* NSNumber+ExpenseTracker.m */; };
		49015D9D1CD7D06500164FED /* NSDateExpenseTracker.m in Sources */ = {isa = PBXBuildFile; fileRef = 49015D9C1CD7D06500164FED /* NSDateExpenseTracker.m */; };
		497F07F01CD53C1F003DC694 /* main.m in Sources */ = {isa = PBXBuildFile; fileRef = 497F07EF1CD53C1F003DC694 /* main.m */; };
		497F07F31CD53C1F003DC694 /* AppDelegate.m in Sources */ = {isa = PBXBuildFile; fileRef = 497F07F21CD53C1F003DC694 /* AppDelegate.m */; };
		497F07F61CD53C1F003DC694 /* ViewController.m in Sources */ = {isa = PBXBuildFile; fileRef = 497F07F51CD53C1F003DC694 /* ViewController.m */; };
		497F07FB1CD53C1F003DC694 /* Assets.xcassets in Resources */ = {isa = PBXBuildFile; fileRef = 497F07FA1CD53C1F003DC694 /* Assets.xcassets */; };
		497F07FE1CD53C1F003DC694 /* LaunchScreen.storyboard in Resources */ = {isa = PBXBuildFile; fileRef = 497F07FC1CD53C1F003DC694 /* LaunchScreen.storyboard */; };
		497F08091CD53C1F003DC694 /* ExpenseTrackerTests.m in Sources */ = {isa = PBXBuildFile; fileRef = 497F08081CD53C1F003DC694 /* ExpenseTrackerTests.m */; };
		497F08161CD54F36003DC694 /* OpeningViewController.m in Sources */ = {isa = PBXBuildFile; fileRef = 497F08151CD54F36003DC694 /* OpeningViewController.m */; };
		497F08191CD5522F003DC694 /* OpeningLogic.m in Sources */ = {isa = PBXBuildFile; fileRef = 497F08181CD5522F003DC694 /* OpeningLogic.m */; };
		49DFFCCB1CD9019700D0158C /* ExpenseTableViewSectionHeaderView.m in Sources */ = {isa = PBXBuildFile; fileRef = 49DFFCCA1CD9019700D0158C /* ExpenseTableViewSectionHeaderView.m */; };
		49DFFCCD1CD901A300D0158C /* ExpenseTableViewSectionHeaderView.xib in Resources */ = {isa = PBXBuildFile; fileRef = 49DFFCCC1CD901A300D0158C /* ExpenseTableViewSectionHeaderView.xib */; };
		49DFFCD01CD904A100D0158C /* UIView+NibLoading.m in Sources */ = {isa = PBXBuildFile; fileRef = 49DFFCCF1CD904A100D0158C /* UIView+NibLoading.m */; };
		49DFFCD31CD9163B00D0158C /* NSLocale+ExpenseTracker.m in Sources */ = {isa = PBXBuildFile; fileRef = 49DFFCD21CD9163B00D0158C /* NSLocale+ExpenseTracker.m */; };
		49FFC3481CDA3B5900C58323 /* ExpenseDetailViewController.m in Sources */ = {isa = PBXBuildFile; fileRef = 49FFC3471CDA3B5900C58323 /* ExpenseDetailViewController.m */; };
		49FFC34C1CDA4F0200C58323 /* ExpenseDetailLogic.m in Sources */ = {isa = PBXBuildFile; fileRef = 49FFC34B1CDA4F0200C58323 /* ExpenseDetailLogic.m */; };
		B959B702B9003C0D7C3F22D1 /* libPods-ExpenseTracker.a in Frameworks */ = {isa = PBXBuildFile; fileRef = 48643D2BCC4AB6E4857ED818 /* libPods-ExpenseTracker.a */; };
/* End PBXBuildFile section */

/* Begin PBXContainerItemProxy section */
		497F08051CD53C1F003DC694 /* PBXContainerItemProxy */ = {
			isa = PBXContainerItemProxy;
			containerPortal = 497F07E31CD53C1F003DC694 /* Project object */;
			proxyType = 1;
			remoteGlobalIDString = 497F07EA1CD53C1F003DC694;
			remoteInfo = ExpenseTracker;
		};
/* End PBXContainerItemProxy section */

/* Begin PBXFileReference section */
		14A898207F5468E77E2A0B89 /* Pods-ExpenseTracker.release.xcconfig */ = {isa = PBXFileReference; includeInIndex = 1; lastKnownFileType = text.xcconfig; name = "Pods-ExpenseTracker.release.xcconfig"; path = "Pods/Target Support Files/Pods-ExpenseTracker/Pods-ExpenseTracker.release.xcconfig"; sourceTree = "<group>"; };
		39DD57FAD9437AC623CDD311 /* Pods-ExpenseTracker.debug.xcconfig */ = {isa = PBXFileReference; includeInIndex = 1; lastKnownFileType = text.xcconfig; name = "Pods-ExpenseTracker.debug.xcconfig"; path = "Pods/Target Support Files/Pods-ExpenseTracker/Pods-ExpenseTracker.debug.xcconfig"; sourceTree = "<group>"; };
		48643D2BCC4AB6E4857ED818 /* libPods-ExpenseTracker.a */ = {isa = PBXFileReference; explicitFileType = archive.ar; includeInIndex = 0; path = "libPods-ExpenseTracker.a"; sourceTree = BUILT_PRODUCTS_DIR; };
		49015D671CD5EC0D00164FED /* NetworkManager.h */ = {isa = PBXFileReference; fileEncoding = 4; lastKnownFileType = sourcecode.c.h; path = NetworkManager.h; sourceTree = "<group>"; };
		49015D681CD5EC0D00164FED /* NetworkManager.m */ = {isa = PBXFileReference; fileEncoding = 4; lastKnownFileType = sourcecode.c.objc; path = NetworkManager.m; sourceTree = "<group>"; };
		49015D6B1CD608A900164FED /* Base */ = {isa = PBXFileReference; lastKnownFileType = file.storyboard; name = Base; path = Base.lproj/RegularUser.storyboard; sourceTree = "<group>"; };
		49015D6E1CD6561C00164FED /* ExpenseViewController.h */ = {isa = PBXFileReference; fileEncoding = 4; lastKnownFileType = sourcecode.c.h; path = ExpenseViewController.h; sourceTree = "<group>"; };
		49015D6F1CD6561C00164FED /* ExpenseViewController.m */ = {isa = PBXFileReference; fileEncoding = 4; lastKnownFileType = sourcecode.c.objc; path = ExpenseViewController.m; sourceTree = "<group>"; };
		49015D711CD6563200164FED /* ExpenseLogic.h */ = {isa = PBXFileReference; fileEncoding = 4; lastKnownFileType = sourcecode.c.h; path = ExpenseLogic.h; sourceTree = "<group>"; };
		49015D721CD6563200164FED /* ExpenseLogic.m */ = {isa = PBXFileReference; fileEncoding = 4; lastKnownFileType = sourcecode.c.objc; path = ExpenseLogic.m; sourceTree = "<group>"; };
		49015D751CD657A800164FED /* UIView+Loading.h */ = {isa = PBXFileReference; fileEncoding = 4; lastKnownFileType = sourcecode.c.h; path = "UIView+Loading.h"; sourceTree = "<group>"; };
		49015D761CD657A800164FED /* UIView+Loading.m */ = {isa = PBXFileReference; fileEncoding = 4; lastKnownFileType = sourcecode.c.objc; path = "UIView+Loading.m"; sourceTree = "<group>"; };
		49015D781CD657E700164FED /* AlertManager.h */ = {isa = PBXFileReference; fileEncoding = 4; lastKnownFileType = sourcecode.c.h; path = AlertManager.h; sourceTree = "<group>"; };
		49015D791CD657E700164FED /* AlertManager.m */ = {isa = PBXFileReference; fileEncoding = 4; lastKnownFileType = sourcecode.c.objc; path = AlertManager.m; sourceTree = "<group>"; };
		49015D7B1CD66E2E00164FED /* NavigationBarStyler.h */ = {isa = PBXFileReference; fileEncoding = 4; lastKnownFileType = sourcecode.c.h; path = NavigationBarStyler.h; sourceTree = "<group>"; };
		49015D7C1CD66E2E00164FED /* NavigationBarStyler.m */ = {isa = PBXFileReference; fileEncoding = 4; lastKnownFileType = sourcecode.c.objc; path = NavigationBarStyler.m; sourceTree = "<group>"; };
		49015D7F1CD76F8800164FED /* Expense.h */ = {isa = PBXFileReference; fileEncoding = 4; lastKnownFileType = sourcecode.c.h; path = Expense.h; sourceTree = "<group>"; };
		49015D801CD76F8800164FED /* Expense.m */ = {isa = PBXFileReference; fileEncoding = 4; lastKnownFileType = sourcecode.c.objc; path = Expense.m; sourceTree = "<group>"; };
		49015D821CD7719D00164FED /* TableViewCell.h */ = {isa = PBXFileReference; fileEncoding = 4; lastKnownFileType = sourcecode.c.h; path = TableViewCell.h; sourceTree = "<group>"; };
		49015D831CD7719D00164FED /* TableViewCell.m */ = {isa = PBXFileReference; fileEncoding = 4; lastKnownFileType = sourcecode.c.objc; path = TableViewCell.m; sourceTree = "<group>"; };
		49015D851CD771D700164FED /* ExpenseTableViewCell.h */ = {isa = PBXFileReference; fileEncoding = 4; lastKnownFileType = sourcecode.c.h; path = ExpenseTableViewCell.h; sourceTree = "<group>"; };
		49015D861CD771D700164FED /* ExpenseTableViewCell.m */ = {isa = PBXFileReference; fileEncoding = 4; lastKnownFileType = sourcecode.c.objc; path = ExpenseTableViewCell.m; sourceTree = "<group>"; };
		49015D871CD771D700164FED /* ExpenseTableViewCell.xib */ = {isa = PBXFileReference; fileEncoding = 4; lastKnownFileType = file.xib; path = ExpenseTableViewCell.xib; sourceTree = "<group>"; };
		49015D8D1CD7753300164FED /* UITableView+Register.h */ = {isa = PBXFileReference; fileEncoding = 4; lastKnownFileType = sourcecode.c.h; path = "UITableView+Register.h"; sourceTree = "<group>"; };
		49015D8E1CD7753300164FED /* UITableView+Register.m */ = {isa = PBXFileReference; fileEncoding = 4; lastKnownFileType = sourcecode.c.objc; path = "UITableView+Register.m"; sourceTree = "<group>"; };
		49015D901CD77D0700164FED /* UIColor+ExpenseTracker.h */ = {isa = PBXFileReference; fileEncoding = 4; lastKnownFileType = sourcecode.c.h; path = "UIColor+ExpenseTracker.h"; sourceTree = "<group>"; };
		49015D911CD77D0700164FED /* UIColor+ExpenseTracker.m */ = {isa = PBXFileReference; fileEncoding = 4; lastKnownFileType = sourcecode.c.objc; path = "UIColor+ExpenseTracker.m"; sourceTree = "<group>"; };
		49015D931CD77FDA00164FED /* NSString+ExpenseTracker.h */ = {isa = PBXFileReference; fileEncoding = 4; lastKnownFileType = sourcecode.c.h; path = "NSString+ExpenseTracker.h"; sourceTree = "<group>"; };
		49015D941CD77FDA00164FED /* NSString+ExpenseTracker.m */ = {isa = PBXFileReference; fileEncoding = 4; lastKnownFileType = sourcecode.c.objc; path = "NSString+ExpenseTracker.m"; sourceTree = "<group>"; };
		49015D961CD780AA00164FED /* NSDate+ExpenseTracker.h */ = {isa = PBXFileReference; fileEncoding = 4; lastKnownFileType = sourcecode.c.h; path = "NSDate+ExpenseTracker.h"; sourceTree = "<group>"; };
		49015D971CD780AA00164FED /* NSDate+ExpenseTracker.m */ = {isa = PBXFileReference; fileEncoding = 4; lastKnownFileType = sourcecode.c.objc; path = "NSDate+ExpenseTracker.m"; sourceTree = "<group>"; };
		49015D991CD7C4EB00164FED /* NSNumber+ExpenseTracker.h */ = {isa = PBXFileReference; fileEncoding = 4; lastKnownFileType = sourcecode.c.h; path = "NSNumber+ExpenseTracker.h"; sourceTree = "<group>"; };
		49015D9A1CD7C4EB00164FED /* NSNumber+ExpenseTracker.m */ = {isa = PBXFileReference; fileEncoding = 4; lastKnownFileType = sourcecode.c.objc; path = "NSNumber+ExpenseTracker.m"; sourceTree = "<group>"; };
		49015D9C1CD7D06500164FED /* NSDateExpenseTracker.m */ = {isa = PBXFileReference; fileEncoding = 4; lastKnownFileType = sourcecode.c.objc; path = NSDateExpenseTracker.m; sourceTree = "<group>"; };
		497F07EB1CD53C1F003DC694 /* ExpenseTracker.app */ = {isa = PBXFileReference; explicitFileType = wrapper.application; includeInIndex = 0; path = ExpenseTracker.app; sourceTree = BUILT_PRODUCTS_DIR; };
		497F07EF1CD53C1F003DC694 /* main.m */ = {isa = PBXFileReference; lastKnownFileType = sourcecode.c.objc; path = main.m; sourceTree = "<group>"; };
		497F07F11CD53C1F003DC694 /* AppDelegate.h */ = {isa = PBXFileReference; lastKnownFileType = sourcecode.c.h; path = AppDelegate.h; sourceTree = "<group>"; };
		497F07F21CD53C1F003DC694 /* AppDelegate.m */ = {isa = PBXFileReference; lastKnownFileType = sourcecode.c.objc; path = AppDelegate.m; sourceTree = "<group>"; };
		497F07F41CD53C1F003DC694 /* ViewController.h */ = {isa = PBXFileReference; lastKnownFileType = sourcecode.c.h; path = ViewController.h; sourceTree = "<group>"; };
		497F07F51CD53C1F003DC694 /* ViewController.m */ = {isa = PBXFileReference; lastKnownFileType = sourcecode.c.objc; path = ViewController.m; sourceTree = "<group>"; };
		497F07FA1CD53C1F003DC694 /* Assets.xcassets */ = {isa = PBXFileReference; lastKnownFileType = folder.assetcatalog; path = Assets.xcassets; sourceTree = "<group>"; };
		497F07FD1CD53C1F003DC694 /* Base */ = {isa = PBXFileReference; lastKnownFileType = file.storyboard; name = Base; path = Base.lproj/LaunchScreen.storyboard; sourceTree = "<group>"; };
		497F07FF1CD53C1F003DC694 /* Info.plist */ = {isa = PBXFileReference; lastKnownFileType = text.plist.xml; path = Info.plist; sourceTree = "<group>"; };
		497F08041CD53C1F003DC694 /* ExpenseTrackerTests.xctest */ = {isa = PBXFileReference; explicitFileType = wrapper.cfbundle; includeInIndex = 0; path = ExpenseTrackerTests.xctest; sourceTree = BUILT_PRODUCTS_DIR; };
		497F08081CD53C1F003DC694 /* ExpenseTrackerTests.m */ = {isa = PBXFileReference; lastKnownFileType = sourcecode.c.objc; path = ExpenseTrackerTests.m; sourceTree = "<group>"; };
		497F080A1CD53C1F003DC694 /* Info.plist */ = {isa = PBXFileReference; lastKnownFileType = text.plist.xml; path = Info.plist; sourceTree = "<group>"; };
		497F08141CD54F36003DC694 /* OpeningViewController.h */ = {isa = PBXFileReference; fileEncoding = 4; lastKnownFileType = sourcecode.c.h; path = OpeningViewController.h; sourceTree = "<group>"; };
		497F08151CD54F36003DC694 /* OpeningViewController.m */ = {isa = PBXFileReference; fileEncoding = 4; lastKnownFileType = sourcecode.c.objc; path = OpeningViewController.m; sourceTree = "<group>"; };
		497F08171CD5522F003DC694 /* OpeningLogic.h */ = {isa = PBXFileReference; fileEncoding = 4; lastKnownFileType = sourcecode.c.h; path = OpeningLogic.h; sourceTree = "<group>"; };
		497F08181CD5522F003DC694 /* OpeningLogic.m */ = {isa = PBXFileReference; fileEncoding = 4; lastKnownFileType = sourcecode.c.objc; path = OpeningLogic.m; sourceTree = "<group>"; };
		49DFFCC91CD9019700D0158C /* ExpenseTableViewSectionHeaderView.h */ = {isa = PBXFileReference; fileEncoding = 4; lastKnownFileType = sourcecode.c.h; path = ExpenseTableViewSectionHeaderView.h; sourceTree = "<group>"; };
		49DFFCCA1CD9019700D0158C /* ExpenseTableViewSectionHeaderView.m */ = {isa = PBXFileReference; fileEncoding = 4; lastKnownFileType = sourcecode.c.objc; path = ExpenseTableViewSectionHeaderView.m; sourceTree = "<group>"; };
		49DFFCCC1CD901A300D0158C /* ExpenseTableViewSectionHeaderView.xib */ = {isa = PBXFileReference; fileEncoding = 4; lastKnownFileType = file.xib; path = ExpenseTableViewSectionHeaderView.xib; sourceTree = "<group>"; };
		49DFFCCE1CD904A100D0158C /* UIView+NibLoading.h */ = {isa = PBXFileReference; fileEncoding = 4; lastKnownFileType = sourcecode.c.h; path = "UIView+NibLoading.h"; sourceTree = "<group>"; };
		49DFFCCF1CD904A100D0158C /* UIView+NibLoading.m */ = {isa = PBXFileReference; fileEncoding = 4; lastKnownFileType = sourcecode.c.objc; path = "UIView+NibLoading.m"; sourceTree = "<group>"; };
		49DFFCD11CD9163B00D0158C /* NSLocale+ExpenseTracker.h */ = {isa = PBXFileReference; fileEncoding = 4; lastKnownFileType = sourcecode.c.h; path = "NSLocale+ExpenseTracker.h"; sourceTree = "<group>"; };
		49DFFCD21CD9163B00D0158C /* NSLocale+ExpenseTracker.m */ = {isa = PBXFileReference; fileEncoding = 4; lastKnownFileType = sourcecode.c.objc; path = "NSLocale+ExpenseTracker.m"; sourceTree = "<group>"; };
		49FFC3461CDA3B5900C58323 /* ExpenseDetailViewController.h */ = {isa = PBXFileReference; fileEncoding = 4; lastKnownFileType = sourcecode.c.h; path = ExpenseDetailViewController.h; sourceTree = "<group>"; };
		49FFC3471CDA3B5900C58323 /* ExpenseDetailViewController.m */ = {isa = PBXFileReference; fileEncoding = 4; lastKnownFileType = sourcecode.c.objc; path = ExpenseDetailViewController.m; sourceTree = "<group>"; };
		49FFC34A1CDA4F0200C58323 /* ExpenseDetailLogic.h */ = {isa = PBXFileReference; fileEncoding = 4; lastKnownFileType = sourcecode.c.h; path = ExpenseDetailLogic.h; sourceTree = "<group>"; };
		49FFC34B1CDA4F0200C58323 /* ExpenseDetailLogic.m */ = {isa = PBXFileReference; fileEncoding = 4; lastKnownFileType = sourcecode.c.objc; path = ExpenseDetailLogic.m; sourceTree = "<group>"; };
/* End PBXFileReference section */

/* Begin PBXFrameworksBuildPhase section */
		497F07E81CD53C1F003DC694 /* Frameworks */ = {
			isa = PBXFrameworksBuildPhase;
			buildActionMask = 2147483647;
			files = (
				B959B702B9003C0D7C3F22D1 /* libPods-ExpenseTracker.a in Frameworks */,
			);
			runOnlyForDeploymentPostprocessing = 0;
		};
		497F08011CD53C1F003DC694 /* Frameworks */ = {
			isa = PBXFrameworksBuildPhase;
			buildActionMask = 2147483647;
			files = (
			);
			runOnlyForDeploymentPostprocessing = 0;
		};
/* End PBXFrameworksBuildPhase section */

/* Begin PBXGroup section */
		1464173D1FFB906E1E22F584 /* Pods */ = {
			isa = PBXGroup;
			children = (
				39DD57FAD9437AC623CDD311 /* Pods-ExpenseTracker.debug.xcconfig */,
				14A898207F5468E77E2A0B89 /* Pods-ExpenseTracker.release.xcconfig */,
			);
			name = Pods;
			sourceTree = "<group>";
		};
		49015D6D1CD6560500164FED /* ExpenseViewController */ = {
			isa = PBXGroup;
			children = (
				49015D6E1CD6561C00164FED /* ExpenseViewController.h */,
				49015D6F1CD6561C00164FED /* ExpenseViewController.m */,
				49015D711CD6563200164FED /* ExpenseLogic.h */,
				49015D721CD6563200164FED /* ExpenseLogic.m */,
				49DFFCC91CD9019700D0158C /* ExpenseTableViewSectionHeaderView.h */,
				49DFFCCA1CD9019700D0158C /* ExpenseTableViewSectionHeaderView.m */,
				49DFFCCC1CD901A300D0158C /* ExpenseTableViewSectionHeaderView.xib */,
				49015D851CD771D700164FED /* ExpenseTableViewCell.h */,
				49015D861CD771D700164FED /* ExpenseTableViewCell.m */,
				49015D871CD771D700164FED /* ExpenseTableViewCell.xib */,
			);
			name = ExpenseViewController;
			sourceTree = "<group>";
		};
		49015D741CD657A000164FED /* Categories */ = {
			isa = PBXGroup;
			children = (
				49015D901CD77D0700164FED /* UIColor+ExpenseTracker.h */,
				49015D911CD77D0700164FED /* UIColor+ExpenseTracker.m */,
				49015D931CD77FDA00164FED /* NSString+ExpenseTracker.h */,
				49015D941CD77FDA00164FED /* NSString+ExpenseTracker.m */,
				49015D991CD7C4EB00164FED /* NSNumber+ExpenseTracker.h */,
				49015D9A1CD7C4EB00164FED /* NSNumber+ExpenseTracker.m */,
				49015D961CD780AA00164FED /* NSDate+ExpenseTracker.h */,
				49015D971CD780AA00164FED /* NSDate+ExpenseTracker.m */,
				49015D751CD657A800164FED /* UIView+Loading.h */,
				49015D761CD657A800164FED /* UIView+Loading.m */,
				49015D8D1CD7753300164FED /* UITableView+Register.h */,
				49015D8E1CD7753300164FED /* UITableView+Register.m */,
				49DFFCCE1CD904A100D0158C /* UIView+NibLoading.h */,
				49DFFCCF1CD904A100D0158C /* UIView+NibLoading.m */,
				49DFFCD11CD9163B00D0158C /* NSLocale+ExpenseTracker.h */,
				49DFFCD21CD9163B00D0158C /* NSLocale+ExpenseTracker.m */,
			);
			name = Categories;
			sourceTree = "<group>";
		};
		49015D7E1CD76F7A00164FED /* Models */ = {
			isa = PBXGroup;
			children = (
				49015D7F1CD76F8800164FED /* Expense.h */,
				49015D801CD76F8800164FED /* Expense.m */,
			);
			name = Models;
			sourceTree = "<group>";
		};
		497F07E21CD53C1F003DC694 = {
			isa = PBXGroup;
			children = (
				497F07ED1CD53C1F003DC694 /* ExpenseTracker */,
				497F08071CD53C1F003DC694 /* ExpenseTrackerTests */,
				497F07EC1CD53C1F003DC694 /* Products */,
				1464173D1FFB906E1E22F584 /* Pods */,
				EE5AAA99F3D9F94C95910A26 /* Frameworks */,
			);
			sourceTree = "<group>";
		};
		497F07EC1CD53C1F003DC694 /* Products */ = {
			isa = PBXGroup;
			children = (
				497F07EB1CD53C1F003DC694 /* ExpenseTracker.app */,
				497F08041CD53C1F003DC694 /* ExpenseTrackerTests.xctest */,
			);
			name = Products;
			sourceTree = "<group>";
		};
		497F07ED1CD53C1F003DC694 /* ExpenseTracker */ = {
			isa = PBXGroup;
			children = (
				497F07F11CD53C1F003DC694 /* AppDelegate.h */,
				497F07F21CD53C1F003DC694 /* AppDelegate.m */,
				49FFC3491CDA3B9400C58323 /* ManagersHelpers */,
				497F08131CD54F18003DC694 /* OpeningViewController */,
				49015D6D1CD6560500164FED /* ExpenseViewController */,
				49FFC3451CDA3B3000C58323 /* ExpenseDetailViewController */,
				49015D7E1CD76F7A00164FED /* Models */,
				49015D741CD657A000164FED /* Categories */,
				497F07FA1CD53C1F003DC694 /* Assets.xcassets */,
				49015D6A1CD608A900164FED /* RegularUser.storyboard */,
				497F07FC1CD53C1F003DC694 /* LaunchScreen.storyboard */,
				497F07FF1CD53C1F003DC694 /* Info.plist */,
				497F07EE1CD53C1F003DC694 /* Supporting Files */,
			);
			path = ExpenseTracker;
			sourceTree = "<group>";
		};
		497F07EE1CD53C1F003DC694 /* Supporting Files */ = {
			isa = PBXGroup;
			children = (
				497F07EF1CD53C1F003DC694 /* main.m */,
			);
			name = "Supporting Files";
			sourceTree = "<group>";
		};
		497F08071CD53C1F003DC694 /* ExpenseTrackerTests */ = {
			isa = PBXGroup;
			children = (
				497F08081CD53C1F003DC694 /* ExpenseTrackerTests.m */,
				49015D9C1CD7D06500164FED /* NSDateExpenseTracker.m */,
				497F080A1CD53C1F003DC694 /* Info.plist */,
			);
			path = ExpenseTrackerTests;
			sourceTree = "<group>";
		};
		497F08131CD54F18003DC694 /* OpeningViewController */ = {
			isa = PBXGroup;
			children = (
				497F08141CD54F36003DC694 /* OpeningViewController.h */,
				497F08151CD54F36003DC694 /* OpeningViewController.m */,
				497F08171CD5522F003DC694 /* OpeningLogic.h */,
				497F08181CD5522F003DC694 /* OpeningLogic.m */,
			);
			name = OpeningViewController;
			sourceTree = "<group>";
		};
		49FFC3451CDA3B3000C58323 /* ExpenseDetailViewController */ = {
			isa = PBXGroup;
			children = (
				49FFC3461CDA3B5900C58323 /* ExpenseDetailViewController.h */,
				49FFC3471CDA3B5900C58323 /* ExpenseDetailViewController.m */,
				49FFC34A1CDA4F0200C58323 /* ExpenseDetailLogic.h */,
				49FFC34B1CDA4F0200C58323 /* ExpenseDetailLogic.m */,
			);
			name = ExpenseDetailViewController;
			sourceTree = "<group>";
		};
		49FFC3491CDA3B9400C58323 /* ManagersHelpers */ = {
			isa = PBXGroup;
			children = (
				497F07F41CD53C1F003DC694 /* ViewController.h */,
				497F07F51CD53C1F003DC694 /* ViewController.m */,
				49015D671CD5EC0D00164FED /* NetworkManager.h */,
				49015D681CD5EC0D00164FED /* NetworkManager.m */,
				49015D781CD657E700164FED /* AlertManager.h */,
				49015D791CD657E700164FED /* AlertManager.m */,
				49015D7B1CD66E2E00164FED /* NavigationBarStyler.h */,
				49015D7C1CD66E2E00164FED /* NavigationBarStyler.m */,
				49015D821CD7719D00164FED /* TableViewCell.h */,
				49015D831CD7719D00164FED /* TableViewCell.m */,
			);
			name = ManagersHelpers;
			sourceTree = "<group>";
		};
		EE5AAA99F3D9F94C95910A26 /* Frameworks */ = {
			isa = PBXGroup;
			children = (
				48643D2BCC4AB6E4857ED818 /* libPods-ExpenseTracker.a */,
			);
			name = Frameworks;
			sourceTree = "<group>";
		};
/* End PBXGroup section */

/* Begin PBXNativeTarget section */
		497F07EA1CD53C1F003DC694 /* ExpenseTracker */ = {
			isa = PBXNativeTarget;
			buildConfigurationList = 497F080D1CD53C1F003DC694 /* Build configuration list for PBXNativeTarget "ExpenseTracker" */;
			buildPhases = (
				B39E1D6FA1AE96A86EDEF181 /* Check Pods Manifest.lock */,
				497F07E71CD53C1F003DC694 /* Sources */,
				497F07E81CD53C1F003DC694 /* Frameworks */,
				497F07E91CD53C1F003DC694 /* Resources */,
				BDD9C11A54CDB44BBB1A1433 /* Embed Pods Frameworks */,
				97A2A33B55C2A2664B41E80A /* Copy Pods Resources */,
			);
			buildRules = (
			);
			dependencies = (
			);
			name = ExpenseTracker;
			productName = ExpenseTracker;
			productReference = 497F07EB1CD53C1F003DC694 /* ExpenseTracker.app */;
			productType = "com.apple.product-type.application";
		};
		497F08031CD53C1F003DC694 /* ExpenseTrackerTests */ = {
			isa = PBXNativeTarget;
			buildConfigurationList = 497F08101CD53C1F003DC694 /* Build configuration list for PBXNativeTarget "ExpenseTrackerTests" */;
			buildPhases = (
				497F08001CD53C1F003DC694 /* Sources */,
				497F08011CD53C1F003DC694 /* Frameworks */,
				497F08021CD53C1F003DC694 /* Resources */,
			);
			buildRules = (
			);
			dependencies = (
				497F08061CD53C1F003DC694 /* PBXTargetDependency */,
			);
			name = ExpenseTrackerTests;
			productName = ExpenseTrackerTests;
			productReference = 497F08041CD53C1F003DC694 /* ExpenseTrackerTests.xctest */;
			productType = "com.apple.product-type.bundle.unit-test";
		};
/* End PBXNativeTarget section */

/* Begin PBXProject section */
		497F07E31CD53C1F003DC694 /* Project object */ = {
			isa = PBXProject;
			attributes = {
				LastUpgradeCheck = 0730;
				ORGANIZATIONNAME = "Semih Cihan";
				TargetAttributes = {
					497F07EA1CD53C1F003DC694 = {
						CreatedOnToolsVersion = 7.3;
					};
					497F08031CD53C1F003DC694 = {
						CreatedOnToolsVersion = 7.3;
						TestTargetID = 497F07EA1CD53C1F003DC694;
					};
				};
			};
			buildConfigurationList = 497F07E61CD53C1F003DC694 /* Build configuration list for PBXProject "ExpenseTracker" */;
			compatibilityVersion = "Xcode 3.2";
			developmentRegion = English;
			hasScannedForEncodings = 0;
			knownRegions = (
				en,
				Base,
			);
			mainGroup = 497F07E21CD53C1F003DC694;
			productRefGroup = 497F07EC1CD53C1F003DC694 /* Products */;
			projectDirPath = "";
			projectRoot = "";
			targets = (
				497F07EA1CD53C1F003DC694 /* ExpenseTracker */,
				497F08031CD53C1F003DC694 /* ExpenseTrackerTests */,
			);
		};
/* End PBXProject section */

/* Begin PBXResourcesBuildPhase section */
		497F07E91CD53C1F003DC694 /* Resources */ = {
			isa = PBXResourcesBuildPhase;
			buildActionMask = 2147483647;
			files = (
				49015D891CD771D700164FED /* ExpenseTableViewCell.xib in Resources */,
				49015D6C1CD608A900164FED /* RegularUser.storyboard in Resources */,
				49DFFCCD1CD901A300D0158C /* ExpenseTableViewSectionHeaderView.xib in Resources */,
				497F07FE1CD53C1F003DC694 /* LaunchScreen.storyboard in Resources */,
				497F07FB1CD53C1F003DC694 /* Assets.xcassets in Resources */,
			);
			runOnlyForDeploymentPostprocessing = 0;
		};
		497F08021CD53C1F003DC694 /* Resources */ = {
			isa = PBXResourcesBuildPhase;
			buildActionMask = 2147483647;
			files = (
			);
			runOnlyForDeploymentPostprocessing = 0;
		};
/* End PBXResourcesBuildPhase section */

/* Begin PBXShellScriptBuildPhase section */
		97A2A33B55C2A2664B41E80A /* Copy Pods Resources */ = {
			isa = PBXShellScriptBuildPhase;
			buildActionMask = 2147483647;
			files = (
			);
			inputPaths = (
			);
			name = "Copy Pods Resources";
			outputPaths = (
			);
			runOnlyForDeploymentPostprocessing = 0;
			shellPath = /bin/sh;
			shellScript = "\"${SRCROOT}/Pods/Target Support Files/Pods-ExpenseTracker/Pods-ExpenseTracker-resources.sh\"\n";
			showEnvVarsInLog = 0;
		};
		B39E1D6FA1AE96A86EDEF181 /* Check Pods Manifest.lock */ = {
			isa = PBXShellScriptBuildPhase;
			buildActionMask = 2147483647;
			files = (
			);
			inputPaths = (
			);
			name = "Check Pods Manifest.lock";
			outputPaths = (
			);
			runOnlyForDeploymentPostprocessing = 0;
			shellPath = /bin/sh;
			shellScript = "diff \"${PODS_ROOT}/../Podfile.lock\" \"${PODS_ROOT}/Manifest.lock\" > /dev/null\nif [[ $? != 0 ]] ; then\n    cat << EOM\nerror: The sandbox is not in sync with the Podfile.lock. Run 'pod install' or update your CocoaPods installation.\nEOM\n    exit 1\nfi\n";
			showEnvVarsInLog = 0;
		};
		BDD9C11A54CDB44BBB1A1433 /* Embed Pods Frameworks */ = {
			isa = PBXShellScriptBuildPhase;
			buildActionMask = 2147483647;
			files = (
			);
			inputPaths = (
			);
			name = "Embed Pods Frameworks";
			outputPaths = (
			);
			runOnlyForDeploymentPostprocessing = 0;
			shellPath = /bin/sh;
			shellScript = "\"${SRCROOT}/Pods/Target Support Files/Pods-ExpenseTracker/Pods-ExpenseTracker-frameworks.sh\"\n";
			showEnvVarsInLog = 0;
		};
/* End PBXShellScriptBuildPhase section */

/* Begin PBXSourcesBuildPhase section */
		497F07E71CD53C1F003DC694 /* Sources */ = {
			isa = PBXSourcesBuildPhase;
			buildActionMask = 2147483647;
			files = (
				497F07F61CD53C1F003DC694 /* ViewController.m in Sources */,
				49015D7A1CD657E700164FED /* AlertManager.m in Sources */,
				49DFFCCB1CD9019700D0158C /* ExpenseTableViewSectionHeaderView.m in Sources */,
				49FFC3481CDA3B5900C58323 /* ExpenseDetailViewController.m in Sources */,
				49015D951CD77FDA00164FED /* NSString+ExpenseTracker.m in Sources */,
				49015D701CD6561C00164FED /* ExpenseViewController.m in Sources */,
				497F08191CD5522F003DC694 /* OpeningLogic.m in Sources */,
				497F08161CD54F36003DC694 /* OpeningViewController.m in Sources */,
				49FFC34C1CDA4F0200C58323 /* ExpenseDetailLogic.m in Sources */,
				497F07F31CD53C1F003DC694 /* AppDelegate.m in Sources */,
				49015D8F1CD7753300164FED /* UITableView+Register.m in Sources */,
				49015D841CD7719D00164FED /* TableViewCell.m in Sources */,
				49DFFCD31CD9163B00D0158C /* NSLocale+ExpenseTracker.m in Sources */,
				49015D7D1CD66E2E00164FED /* NavigationBarStyler.m in Sources */,
				49015D981CD780AA00164FED /* NSDate+ExpenseTracker.m in Sources */,
				49015D881CD771D700164FED /* ExpenseTableViewCell.m in Sources */,
				49015D691CD5EC0D00164FED /* NetworkManager.m in Sources */,
				49DFFCD01CD904A100D0158C /* UIView+NibLoading.m in Sources */,
				49015D811CD76F8800164FED /* Expense.m in Sources */,
				49015D9B1CD7C4EB00164FED /* NSNumber+ExpenseTracker.m in Sources */,
				497F07F01CD53C1F003DC694 /* main.m in Sources */,
				49015D731CD6563200164FED /* ExpenseLogic.m in Sources */,
				49015D771CD657A800164FED /* UIView+Loading.m in Sources */,
				49015D921CD77D0700164FED /* UIColor+ExpenseTracker.m in Sources */,
			);
			runOnlyForDeploymentPostprocessing = 0;
		};
		497F08001CD53C1F003DC694 /* Sources */ = {
			isa = PBXSourcesBuildPhase;
			buildActionMask = 2147483647;
			files = (
				49015D9D1CD7D06500164FED /* NSDateExpenseTracker.m in Sources */,
				497F08091CD53C1F003DC694 /* ExpenseTrackerTests.m in Sources */,
			);
			runOnlyForDeploymentPostprocessing = 0;
		};
/* End PBXSourcesBuildPhase section */

/* Begin PBXTargetDependency section */
		497F08061CD53C1F003DC694 /* PBXTargetDependency */ = {
			isa = PBXTargetDependency;
			target = 497F07EA1CD53C1F003DC694 /* ExpenseTracker */;
			targetProxy = 497F08051CD53C1F003DC694 /* PBXContainerItemProxy */;
		};
/* End PBXTargetDependency section */

/* Begin PBXVariantGroup section */
		49015D6A1CD608A900164FED /* RegularUser.storyboard */ = {
			isa = PBXVariantGroup;
			children = (
				49015D6B1CD608A900164FED /* Base */,
			);
			name = RegularUser.storyboard;
			sourceTree = "<group>";
		};
		497F07FC1CD53C1F003DC694 /* LaunchScreen.storyboard */ = {
			isa = PBXVariantGroup;
			children = (
				497F07FD1CD53C1F003DC694 /* Base */,
			);
			name = LaunchScreen.storyboard;
			sourceTree = "<group>";
		};
/* End PBXVariantGroup section */

/* Begin XCBuildConfiguration section */
		497F080B1CD53C1F003DC694 /* Debug */ = {
			isa = XCBuildConfiguration;
			buildSettings = {
				ALWAYS_SEARCH_USER_PATHS = NO;
				CLANG_ANALYZER_NONNULL = YES;
				CLANG_CXX_LANGUAGE_STANDARD = "gnu++0x";
				CLANG_CXX_LIBRARY = "libc++";
				CLANG_ENABLE_MODULES = YES;
				CLANG_ENABLE_OBJC_ARC = YES;
				CLANG_WARN_BOOL_CONVERSION = YES;
				CLANG_WARN_CONSTANT_CONVERSION = YES;
				CLANG_WARN_DIRECT_OBJC_ISA_USAGE = YES_ERROR;
				CLANG_WARN_EMPTY_BODY = YES;
				CLANG_WARN_ENUM_CONVERSION = YES;
				CLANG_WARN_INT_CONVERSION = YES;
				CLANG_WARN_OBJC_ROOT_CLASS = YES_ERROR;
				CLANG_WARN_UNREACHABLE_CODE = YES;
				CLANG_WARN__DUPLICATE_METHOD_MATCH = YES;
				"CODE_SIGN_IDENTITY[sdk=iphoneos*]" = "iPhone Developer";
				COPY_PHASE_STRIP = NO;
				DEBUG_INFORMATION_FORMAT = dwarf;
				ENABLE_STRICT_OBJC_MSGSEND = YES;
				ENABLE_TESTABILITY = YES;
				GCC_C_LANGUAGE_STANDARD = gnu99;
				GCC_DYNAMIC_NO_PIC = NO;
				GCC_NO_COMMON_BLOCKS = YES;
				GCC_OPTIMIZATION_LEVEL = 0;
				GCC_PREPROCESSOR_DEFINITIONS = (
					"DEBUG=1",
					"$(inherited)",
				);
				GCC_WARN_64_TO_32_BIT_CONVERSION = YES;
				GCC_WARN_ABOUT_RETURN_TYPE = YES_ERROR;
				GCC_WARN_UNDECLARED_SELECTOR = YES;
				GCC_WARN_UNINITIALIZED_AUTOS = YES_AGGRESSIVE;
				GCC_WARN_UNUSED_FUNCTION = YES;
				GCC_WARN_UNUSED_VARIABLE = YES;
				IPHONEOS_DEPLOYMENT_TARGET = 9.3;
				MTL_ENABLE_DEBUG_INFO = YES;
				ONLY_ACTIVE_ARCH = YES;
				SDKROOT = iphoneos;
			};
			name = Debug;
		};
		497F080C1CD53C1F003DC694 /* Release */ = {
			isa = XCBuildConfiguration;
			buildSettings = {
				ALWAYS_SEARCH_USER_PATHS = NO;
				CLANG_ANALYZER_NONNULL = YES;
				CLANG_CXX_LANGUAGE_STANDARD = "gnu++0x";
				CLANG_CXX_LIBRARY = "libc++";
				CLANG_ENABLE_MODULES = YES;
				CLANG_ENABLE_OBJC_ARC = YES;
				CLANG_WARN_BOOL_CONVERSION = YES;
				CLANG_WARN_CONSTANT_CONVERSION = YES;
				CLANG_WARN_DIRECT_OBJC_ISA_USAGE = YES_ERROR;
				CLANG_WARN_EMPTY_BODY = YES;
				CLANG_WARN_ENUM_CONVERSION = YES;
				CLANG_WARN_INT_CONVERSION = YES;
				CLANG_WARN_OBJC_ROOT_CLASS = YES_ERROR;
				CLANG_WARN_UNREACHABLE_CODE = YES;
				CLANG_WARN__DUPLICATE_METHOD_MATCH = YES;
				"CODE_SIGN_IDENTITY[sdk=iphoneos*]" = "iPhone Developer";
				COPY_PHASE_STRIP = NO;
				DEBUG_INFORMATION_FORMAT = "dwarf-with-dsym";
				ENABLE_NS_ASSERTIONS = NO;
				ENABLE_STRICT_OBJC_MSGSEND = YES;
				GCC_C_LANGUAGE_STANDARD = gnu99;
				GCC_NO_COMMON_BLOCKS = YES;
				GCC_WARN_64_TO_32_BIT_CONVERSION = YES;
				GCC_WARN_ABOUT_RETURN_TYPE = YES_ERROR;
				GCC_WARN_UNDECLARED_SELECTOR = YES;
				GCC_WARN_UNINITIALIZED_AUTOS = YES_AGGRESSIVE;
				GCC_WARN_UNUSED_FUNCTION = YES;
				GCC_WARN_UNUSED_VARIABLE = YES;
				IPHONEOS_DEPLOYMENT_TARGET = 9.3;
				MTL_ENABLE_DEBUG_INFO = NO;
				SDKROOT = iphoneos;
				VALIDATE_PRODUCT = YES;
			};
			name = Release;
		};
		497F080E1CD53C1F003DC694 /* Debug */ = {
			isa = XCBuildConfiguration;
			baseConfigurationReference = 39DD57FAD9437AC623CDD311 /* Pods-ExpenseTracker.debug.xcconfig */;
			buildSettings = {
				ASSETCATALOG_COMPILER_APPICON_NAME = AppIcon;
				INFOPLIST_FILE = ExpenseTracker/Info.plist;
				LD_RUNPATH_SEARCH_PATHS = "$(inherited) @executable_path/Frameworks";
				PRODUCT_BUNDLE_IDENTIFIER = com.pupa.MoIDemo;
				PRODUCT_NAME = "$(TARGET_NAME)";
				PROVISIONING_PROFILE = "dd9d44bc-fb35-4502-9cbe-814fdce4e45c";
				TARGETED_DEVICE_FAMILY = 1;
			};
			name = Debug;
		};
		497F080F1CD53C1F003DC694 /* Release */ = {
			isa = XCBuildConfiguration;
			baseConfigurationReference = 14A898207F5468E77E2A0B89 /* Pods-ExpenseTracker.release.xcconfig */;
			buildSettings = {
				ASSETCATALOG_COMPILER_APPICON_NAME = AppIcon;
				INFOPLIST_FILE = ExpenseTracker/Info.plist;
				LD_RUNPATH_SEARCH_PATHS = "$(inherited) @executable_path/Frameworks";
				PRODUCT_BUNDLE_IDENTIFIER = com.pupa.MoIDemo;
				PRODUCT_NAME = "$(TARGET_NAME)";
				PROVISIONING_PROFILE = "dd9d44bc-fb35-4502-9cbe-814fdce4e45c";
				TARGETED_DEVICE_FAMILY = 1;
			};
			name = Release;
		};
		497F08111CD53C1F003DC694 /* Debug */ = {
			isa = XCBuildConfiguration;
			buildSettings = {
				BUNDLE_LOADER = "$(TEST_HOST)";
				INFOPLIST_FILE = ExpenseTrackerTests/Info.plist;
				LD_RUNPATH_SEARCH_PATHS = "$(inherited) @executable_path/Frameworks @loader_path/Frameworks";
				PRODUCT_BUNDLE_IDENTIFIER = com.usc.ExpenseTrackerTests;
				PRODUCT_NAME = "$(TARGET_NAME)";
				TEST_HOST = "$(BUILT_PRODUCTS_DIR)/ExpenseTracker.app/ExpenseTracker";
			};
			name = Debug;
		};
		497F08121CD53C1F003DC694 /* Release */ = {
			isa = XCBuildConfiguration;
			buildSettings = {
				BUNDLE_LOADER = "$(TEST_HOST)";
				INFOPLIST_FILE = ExpenseTrackerTests/Info.plist;
				LD_RUNPATH_SEARCH_PATHS = "$(inherited) @executable_path/Frameworks @loader_path/Frameworks";
				PRODUCT_BUNDLE_IDENTIFIER = com.usc.ExpenseTrackerTests;
				PRODUCT_NAME = "$(TARGET_NAME)";
				TEST_HOST = "$(BUILT_PRODUCTS_DIR)/ExpenseTracker.app/ExpenseTracker";
			};
			name = Release;
		};
/* End XCBuildConfiguration section */

/* Begin XCConfigurationList section */
		497F07E61CD53C1F003DC694 /* Build configuration list for PBXProject "ExpenseTracker" */ = {
			isa = XCConfigurationList;
			buildConfigurations = (
				497F080B1CD53C1F003DC694 /* Debug */,
				497F080C1CD53C1F003DC694 /* Release */,
			);
			defaultConfigurationIsVisible = 0;
			defaultConfigurationName = Release;
		};
		497F080D1CD53C1F003DC694 /* Build configuration list for PBXNativeTarget "ExpenseTracker" */ = {
			isa = XCConfigurationList;
			buildConfigurations = (
				497F080E1CD53C1F003DC694 /* Debug */,
				497F080F1CD53C1F003DC694 /* Release */,
			);
			defaultConfigurationIsVisible = 0;
			defaultConfigurationName = Release;
		};
		497F08101CD53C1F003DC694 /* Build configuration list for PBXNativeTarget "ExpenseTrackerTests" */ = {
			isa = XCConfigurationList;
			buildConfigurations = (
				497F08111CD53C1F003DC694 /* Debug */,
				497F08121CD53C1F003DC694 /* Release */,
			);
			defaultConfigurationIsVisible = 0;
			defaultConfigurationName = Release;
		};
/* End XCConfigurationList section */
	};
	rootObject = 497F07E31CD53C1F003DC694 /* Project object */;
}
